
Microsoft Visual Studio Solution File, Format Version 12.00
# Visual Studio Version 17
VisualStudioVersion = 17.5.002.0
MinimumVisualStudioVersion = 10.0.40219.1
Project("{9A19103F-16F7-4668-BE54-9A1E7A4F7556}") = "12-2", "12-2.csproj", "{211680EB-731F-46A1-ABCA-FD09D245FE9B}"
EndProject
Global
	GlobalSection(SolutionConfigurationPlatforms) = preSolution
		Debug|Any CPU = Debug|Any CPU
		Release|Any CPU = Release|Any CPU
	EndGlobalSection
	GlobalSection(ProjectConfigurationPlatforms) = postSolution
		{211680EB-731F-46A1-ABCA-FD09D245FE9B}.Debug|Any CPU.ActiveCfg = Debug|Any CPU
		{211680EB-731F-46A1-ABCA-FD09D245FE9B}.Debug|Any CPU.Build.0 = Debug|Any CPU
		{211680EB-731F-46A1-ABCA-FD09D245FE9B}.Release|Any CPU.ActiveCfg = Release|Any CPU
		{211680EB-731F-46A1-ABCA-FD09D245FE9B}.Release|Any CPU.Build.0 = Release|Any CPU
	EndGlobalSection
	GlobalSection(SolutionProperties) = preSolution
		HideSolutionNode = FALSE
	EndGlobalSection
	GlobalSection(ExtensibilityGlobals) = postSolution
		SolutionGuid = {19272774-A64F-4C43-B483-C7E707C91366}
	EndGlobalSection
EndGlobal
