
Microsoft Visual Studio Solution File, Format Version 12.00
# Visual Studio Version 17
VisualStudioVersion = 17.5.002.0
MinimumVisualStudioVersion = 10.0.40219.1
Project("{9A19103F-16F7-4668-BE54-9A1E7A4F7556}") = "01-1", "01-1.csproj", "{01635068-5764-4540-B6B0-15F42272063A}"
EndProject
Global
	GlobalSection(SolutionConfigurationPlatforms) = preSolution
		Debug|Any CPU = Debug|Any CPU
		Release|Any CPU = Release|Any CPU
	EndGlobalSection
	GlobalSection(ProjectConfigurationPlatforms) = postSolution
		{01635068-5764-4540-B6B0-15F42272063A}.Debug|Any CPU.ActiveCfg = Debug|Any CPU
		{01635068-5764-4540-B6B0-15F42272063A}.Debug|Any CPU.Build.0 = Debug|Any CPU
		{01635068-5764-4540-B6B0-15F42272063A}.Release|Any CPU.ActiveCfg = Release|Any CPU
		{01635068-5764-4540-B6B0-15F42272063A}.Release|Any CPU.Build.0 = Release|Any CPU
	EndGlobalSection
	GlobalSection(SolutionProperties) = preSolution
		HideSolutionNode = FALSE
	EndGlobalSection
	GlobalSection(ExtensibilityGlobals) = postSolution
		SolutionGuid = {2A224FBC-7E90-4261-9582-EF424F5EBB7A}
	EndGlobalSection
EndGlobal
