
Microsoft Visual Studio Solution File, Format Version 12.00
# Visual Studio Version 17
VisualStudioVersion = 17.5.002.0
MinimumVisualStudioVersion = 10.0.40219.1
Project("{9A19103F-16F7-4668-BE54-9A1E7A4F7556}") = "02-1", "02-1.csproj", "{C3447934-C6F6-470D-A4F8-760849EB3721}"
EndProject
Global
	GlobalSection(SolutionConfigurationPlatforms) = preSolution
		Debug|Any CPU = Debug|Any CPU
		Release|Any CPU = Release|Any CPU
	EndGlobalSection
	GlobalSection(ProjectConfigurationPlatforms) = postSolution
		{C3447934-C6F6-470D-A4F8-760849EB3721}.Debug|Any CPU.ActiveCfg = Debug|Any CPU
		{C3447934-C6F6-470D-A4F8-760849EB3721}.Debug|Any CPU.Build.0 = Debug|Any CPU
		{C3447934-C6F6-470D-A4F8-760849EB3721}.Release|Any CPU.ActiveCfg = Release|Any CPU
		{C3447934-C6F6-470D-A4F8-760849EB3721}.Release|Any CPU.Build.0 = Release|Any CPU
	EndGlobalSection
	GlobalSection(SolutionProperties) = preSolution
		HideSolutionNode = FALSE
	EndGlobalSection
	GlobalSection(ExtensibilityGlobals) = postSolution
		SolutionGuid = {9DAAB63F-A92A-484F-81C5-A1DB090AEF42}
	EndGlobalSection
EndGlobal
