
Microsoft Visual Studio Solution File, Format Version 12.00
# Visual Studio Version 17
VisualStudioVersion = 17.5.002.0
MinimumVisualStudioVersion = 10.0.40219.1
Project("{9A19103F-16F7-4668-BE54-9A1E7A4F7556}") = "11-1", "11-1.csproj", "{44453721-30B4-4F7A-8DE0-426B91F4ED5D}"
EndProject
Global
	GlobalSection(SolutionConfigurationPlatforms) = preSolution
		Debug|Any CPU = Debug|Any CPU
		Release|Any CPU = Release|Any CPU
	EndGlobalSection
	GlobalSection(ProjectConfigurationPlatforms) = postSolution
		{44453721-30B4-4F7A-8DE0-426B91F4ED5D}.Debug|Any CPU.ActiveCfg = Debug|Any CPU
		{44453721-30B4-4F7A-8DE0-426B91F4ED5D}.Debug|Any CPU.Build.0 = Debug|Any CPU
		{44453721-30B4-4F7A-8DE0-426B91F4ED5D}.Release|Any CPU.ActiveCfg = Release|Any CPU
		{44453721-30B4-4F7A-8DE0-426B91F4ED5D}.Release|Any CPU.Build.0 = Release|Any CPU
	EndGlobalSection
	GlobalSection(SolutionProperties) = preSolution
		HideSolutionNode = FALSE
	EndGlobalSection
	GlobalSection(ExtensibilityGlobals) = postSolution
		SolutionGuid = {8A76D941-819E-4026-A460-9722996F873F}
	EndGlobalSection
EndGlobal
